
Microsoft Visual Studio Solution File, Format Version 12.00
# Visual Studio Version 17
VisualStudioVersion = 17.9.34622.214
MinimumVisualStudioVersion = 10.0.40219.1
Project("{FAE04EC0-301F-11D3-BF4B-00C04F79EFBC}") = "simplePayloadWebApi", "simplePayloadWebApi\simplePayloadWebApi.csproj", "{CA166728-73EF-42DD-9937-7FC14F857255}"
EndProject
Global
	GlobalSection(SolutionConfigurationPlatforms) = preSolution
		Debug|Any CPU = Debug|Any CPU
		Release|Any CPU = Release|Any CPU
	EndGlobalSection
	GlobalSection(ProjectConfigurationPlatforms) = postSolution
		{CA166728-73EF-42DD-9937-7FC14F857255}.Debug|Any CPU.ActiveCfg = Debug|Any CPU
		{CA166728-73EF-42DD-9937-7FC14F857255}.Debug|Any CPU.Build.0 = Debug|Any CPU
		{CA166728-73EF-42DD-9937-7FC14F857255}.Release|Any CPU.ActiveCfg = Release|Any CPU
		{CA166728-73EF-42DD-9937-7FC14F857255}.Release|Any CPU.Build.0 = Release|Any CPU
	EndGlobalSection
	GlobalSection(SolutionProperties) = preSolution
		HideSolutionNode = FALSE
	EndGlobalSection
	GlobalSection(ExtensibilityGlobals) = postSolution
		SolutionGuid = {F72BC83A-981C-40BC-9CE5-4A488496A9FA}
	EndGlobalSection
EndGlobal
